// !$*UTF8*$!
{
	archiveVersion = 1;
	classes = {
	};
	objectVersion = 56;
	objects = {

/* Begin PBXBuildFile section */
		1E4A7BC42BB43403005B11C6 /* CustomTabBarController.swift in Sources */ = {isa = PBXBuildFile; fileRef = 1E4A7BC32BB43403005B11C6 /* CustomTabBarController.swift */; };
		1E4A7BC62BB43578005B11C6 /* TabBarItems.swift in Sources */ = {isa = PBXBuildFile; fileRef = 1E4A7BC52BB43578005B11C6 /* TabBarItems.swift */; };
		1E4A7BCB2BB44CC8005B11C6 /* SearchViewController.swift in Sources */ = {isa = PBXBuildFile; fileRef = 1E4A7BCA2BB44CC8005B11C6 /* SearchViewController.swift */; };
		1E4A7BCD2BB44CF9005B11C6 /* SearchViewProtocol.swift in Sources */ = {isa = PBXBuildFile; fileRef = 1E4A7BCC2BB44CF9005B11C6 /* SearchViewProtocol.swift */; };
		1E4A7BD32BB550A4005B11C6 /* CustomTabBar.swift in Sources */ = {isa = PBXBuildFile; fileRef = 1E4A7BD22BB550A4005B11C6 /* CustomTabBar.swift */; };
		1E4A7BD52BB5E4FA005B11C6 /* ParentViewController.swift in Sources */ = {isa = PBXBuildFile; fileRef = 1E4A7BD42BB5E4FA005B11C6 /* ParentViewController.swift */; };
		1E4A7BD72BB5ED86005B11C6 /* CustomTextField.swift in Sources */ = {isa = PBXBuildFile; fileRef = 1E4A7BD62BB5ED86005B11C6 /* CustomTextField.swift */; };
		1E4A7BD92BB5EE9C005B11C6 /* ParentView.swift in Sources */ = {isa = PBXBuildFile; fileRef = 1E4A7BD82BB5EE9C005B11C6 /* ParentView.swift */; };
		1E4A7BDC2BB5FD21005B11C6 /* ParentCollectionCell.swift in Sources */ = {isa = PBXBuildFile; fileRef = 1E4A7BDB2BB5FD21005B11C6 /* ParentCollectionCell.swift */; };
		1E4A7BDF2BB687C2005B11C6 /* PopOverViewController.swift in Sources */ = {isa = PBXBuildFile; fileRef = 1E4A7BDE2BB687C2005B11C6 /* PopOverViewController.swift */; };
		1E4A7BE12BB68899005B11C6 /* PopOverTableView.swift in Sources */ = {isa = PBXBuildFile; fileRef = 1E4A7BE02BB68899005B11C6 /* PopOverTableView.swift */; };
		1E4A7BE32BB68B72005B11C6 /* PopOverTableCell.swift in Sources */ = {isa = PBXBuildFile; fileRef = 1E4A7BE22BB68B72005B11C6 /* PopOverTableCell.swift */; };
		1E77146C2B90652F00ADC5E8 /* AppDelegate.swift in Sources */ = {isa = PBXBuildFile; fileRef = 1E77146B2B90652F00ADC5E8 /* AppDelegate.swift */; };
		1E77146E2B90652F00ADC5E8 /* SceneDelegate.swift in Sources */ = {isa = PBXBuildFile; fileRef = 1E77146D2B90652F00ADC5E8 /* SceneDelegate.swift */; };
		1E7714702B90652F00ADC5E8 /* MainViewController.swift in Sources */ = {isa = PBXBuildFile; fileRef = 1E77146F2B90652F00ADC5E8 /* MainViewController.swift */; };
		1E7714752B90653200ADC5E8 /* Assets.xcassets in Resources */ = {isa = PBXBuildFile; fileRef = 1E7714742B90653200ADC5E8 /* Assets.xcassets */; };
		1E7714782B90653200ADC5E8 /* LaunchScreen.storyboard in Resources */ = {isa = PBXBuildFile; fileRef = 1E7714762B90653200ADC5E8 /* LaunchScreen.storyboard */; };
		1E8BB0372B94650400091EDF /* EpisodesCollectionViewCell.swift in Sources */ = {isa = PBXBuildFile; fileRef = 1E8BB0362B94650400091EDF /* EpisodesCollectionViewCell.swift */; };
		1E8BB03B2B94BC4B00091EDF /* InfoCollectionViewCell.swift in Sources */ = {isa = PBXBuildFile; fileRef = 1E8BB03A2B94BC4B00091EDF /* InfoCollectionViewCell.swift */; };
		1E8BB03D2B94BDAB00091EDF /* OriginCollectionViewCell.swift in Sources */ = {isa = PBXBuildFile; fileRef = 1E8BB03C2B94BDAB00091EDF /* OriginCollectionViewCell.swift */; };
		1E8BB0442B95993D00091EDF /* HeaderForSection.swift in Sources */ = {isa = PBXBuildFile; fileRef = 1E8BB0432B95993D00091EDF /* HeaderForSection.swift */; };
		1E8BB04B2B95CB2E00091EDF /* DetailViewProtocol.swift in Sources */ = {isa = PBXBuildFile; fileRef = 1E8BB04A2B95CB2E00091EDF /* DetailViewProtocol.swift */; };
		1E8BB04E2B95D26D00091EDF /* Builder.swift in Sources */ = {isa = PBXBuildFile; fileRef = 1E8BB04D2B95D26D00091EDF /* Builder.swift */; };
		1E8BB0512B95D43A00091EDF /* MainViewProtocol.swift in Sources */ = {isa = PBXBuildFile; fileRef = 1E8BB0502B95D43A00091EDF /* MainViewProtocol.swift */; };
		1E8BB0552B95EF5500091EDF /* gilroy-regular.ttf in Resources */ = {isa = PBXBuildFile; fileRef = 1E8BB0532B95EF5500091EDF /* gilroy-regular.ttf */; };
		1E8BB0562B95EF5500091EDF /* gilroy-black.ttf in Resources */ = {isa = PBXBuildFile; fileRef = 1E8BB0542B95EF5500091EDF /* gilroy-black.ttf */; };
		1E8BB05B2B96047700091EDF /* DetailViewSection.swift in Sources */ = {isa = PBXBuildFile; fileRef = 1E8BB05A2B96047700091EDF /* DetailViewSection.swift */; };
		1E8BB05D2B96465700091EDF /* AllModel.swift in Sources */ = {isa = PBXBuildFile; fileRef = 1E8BB05C2B96465700091EDF /* AllModel.swift */; };
		1E9CE0892BAD52DD008C0F8D /* Items.swift in Sources */ = {isa = PBXBuildFile; fileRef = 1E9CE0882BAD52DD008C0F8D /* Items.swift */; };
		1E9CE08D2BAF14CC008C0F8D /* SDWebImageManager.swift in Sources */ = {isa = PBXBuildFile; fileRef = 1E9CE08C2BAF14CC008C0F8D /* SDWebImageManager.swift */; };
		1E9CE0902BAF1597008C0F8D /* SDWebImage in Frameworks */ = {isa = PBXBuildFile; productRef = 1E9CE08F2BAF1597008C0F8D /* SDWebImage */; };
		1E9CE0922BAF1597008C0F8D /* SDWebImageMapKit in Frameworks */ = {isa = PBXBuildFile; productRef = 1E9CE0912BAF1597008C0F8D /* SDWebImageMapKit */; };
		1E9CE0942BB05B9A008C0F8D /* URLBuilder.swift in Sources */ = {isa = PBXBuildFile; fileRef = 1E9CE0932BB05B9A008C0F8D /* URLBuilder.swift */; };
		1EFEBDC42B907A4F0067FCF7 /* MainViewSection.swift in Sources */ = {isa = PBXBuildFile; fileRef = 1EFEBDC32B907A4F0067FCF7 /* MainViewSection.swift */; };
		1EFEBDC92B90A91D0067FCF7 /* CharactersCollectionViewCell.swift in Sources */ = {isa = PBXBuildFile; fileRef = 1EFEBDC82B90A91D0067FCF7 /* CharactersCollectionViewCell.swift */; };
		1EFEBDCC2B90AB700067FCF7 /* UIView - Extension.swift in Sources */ = {isa = PBXBuildFile; fileRef = 1EFEBDCB2B90AB700067FCF7 /* UIView - Extension.swift */; };
		1EFEBDCF2B9355DA0067FCF7 /* NetworkManager.swift in Sources */ = {isa = PBXBuildFile; fileRef = 1EFEBDCE2B9355DA0067FCF7 /* NetworkManager.swift */; };
		1EFEBDD72B936B550067FCF7 /* DetailViewController.swift in Sources */ = {isa = PBXBuildFile; fileRef = 1EFEBDD62B936B550067FCF7 /* DetailViewController.swift */; };
		1EFEBDD92B936CE30067FCF7 /* UIStackView - Extension.swift in Sources */ = {isa = PBXBuildFile; fileRef = 1EFEBDD82B936CE30067FCF7 /* UIStackView - Extension.swift */; };
		1EFEBDDB2B9385F60067FCF7 /* UILabel - Extension.swift in Sources */ = {isa = PBXBuildFile; fileRef = 1EFEBDDA2B9385F60067FCF7 /* UILabel - Extension.swift */; };
/* End PBXBuildFile section */

/* Begin PBXFileReference section */
		1E4A7BC32BB43403005B11C6 /* CustomTabBarController.swift */ = {isa = PBXFileReference; lastKnownFileType = sourcecode.swift; path = CustomTabBarController.swift; sourceTree = "<group>"; };
		1E4A7BC52BB43578005B11C6 /* TabBarItems.swift */ = {isa = PBXFileReference; lastKnownFileType = sourcecode.swift; path = TabBarItems.swift; sourceTree = "<group>"; };
		1E4A7BCA2BB44CC8005B11C6 /* SearchViewController.swift */ = {isa = PBXFileReference; lastKnownFileType = sourcecode.swift; path = SearchViewController.swift; sourceTree = "<group>"; };
		1E4A7BCC2BB44CF9005B11C6 /* SearchViewProtocol.swift */ = {isa = PBXFileReference; lastKnownFileType = sourcecode.swift; path = SearchViewProtocol.swift; sourceTree = "<group>"; };
		1E4A7BD22BB550A4005B11C6 /* CustomTabBar.swift */ = {isa = PBXFileReference; lastKnownFileType = sourcecode.swift; path = CustomTabBar.swift; sourceTree = "<group>"; };
		1E4A7BD42BB5E4FA005B11C6 /* ParentViewController.swift */ = {isa = PBXFileReference; lastKnownFileType = sourcecode.swift; path = ParentViewController.swift; sourceTree = "<group>"; };
		1E4A7BD62BB5ED86005B11C6 /* CustomTextField.swift */ = {isa = PBXFileReference; lastKnownFileType = sourcecode.swift; path = CustomTextField.swift; sourceTree = "<group>"; };
		1E4A7BD82BB5EE9C005B11C6 /* ParentView.swift */ = {isa = PBXFileReference; lastKnownFileType = sourcecode.swift; path = ParentView.swift; sourceTree = "<group>"; };
		1E4A7BDB2BB5FD21005B11C6 /* ParentCollectionCell.swift */ = {isa = PBXFileReference; lastKnownFileType = sourcecode.swift; path = ParentCollectionCell.swift; sourceTree = "<group>"; };
		1E4A7BDE2BB687C2005B11C6 /* PopOverViewController.swift */ = {isa = PBXFileReference; lastKnownFileType = sourcecode.swift; path = PopOverViewController.swift; sourceTree = "<group>"; };
		1E4A7BE02BB68899005B11C6 /* PopOverTableView.swift */ = {isa = PBXFileReference; lastKnownFileType = sourcecode.swift; path = PopOverTableView.swift; sourceTree = "<group>"; };
		1E4A7BE22BB68B72005B11C6 /* PopOverTableCell.swift */ = {isa = PBXFileReference; lastKnownFileType = sourcecode.swift; path = PopOverTableCell.swift; sourceTree = "<group>"; };
		1E7714682B90652F00ADC5E8 /* Rick&Morty.app */ = {isa = PBXFileReference; explicitFileType = wrapper.application; includeInIndex = 0; path = "Rick&Morty.app"; sourceTree = BUILT_PRODUCTS_DIR; };
		1E77146B2B90652F00ADC5E8 /* AppDelegate.swift */ = {isa = PBXFileReference; lastKnownFileType = sourcecode.swift; path = AppDelegate.swift; sourceTree = "<group>"; };
		1E77146D2B90652F00ADC5E8 /* SceneDelegate.swift */ = {isa = PBXFileReference; lastKnownFileType = sourcecode.swift; path = SceneDelegate.swift; sourceTree = "<group>"; };
		1E77146F2B90652F00ADC5E8 /* MainViewController.swift */ = {isa = PBXFileReference; lastKnownFileType = sourcecode.swift; path = MainViewController.swift; sourceTree = "<group>"; };
		1E7714742B90653200ADC5E8 /* Assets.xcassets */ = {isa = PBXFileReference; lastKnownFileType = folder.assetcatalog; path = Assets.xcassets; sourceTree = "<group>"; };
		1E7714772B90653200ADC5E8 /* Base */ = {isa = PBXFileReference; lastKnownFileType = file.storyboard; name = Base; path = Base.lproj/LaunchScreen.storyboard; sourceTree = "<group>"; };
		1E7714792B90653300ADC5E8 /* Info.plist */ = {isa = PBXFileReference; lastKnownFileType = text.plist.xml; path = Info.plist; sourceTree = "<group>"; };
		1E8BB0362B94650400091EDF /* EpisodesCollectionViewCell.swift */ = {isa = PBXFileReference; lastKnownFileType = sourcecode.swift; path = EpisodesCollectionViewCell.swift; sourceTree = "<group>"; };
		1E8BB03A2B94BC4B00091EDF /* InfoCollectionViewCell.swift */ = {isa = PBXFileReference; lastKnownFileType = sourcecode.swift; path = InfoCollectionViewCell.swift; sourceTree = "<group>"; };
		1E8BB03C2B94BDAB00091EDF /* OriginCollectionViewCell.swift */ = {isa = PBXFileReference; lastKnownFileType = sourcecode.swift; path = OriginCollectionViewCell.swift; sourceTree = "<group>"; };
		1E8BB0432B95993D00091EDF /* HeaderForSection.swift */ = {isa = PBXFileReference; lastKnownFileType = sourcecode.swift; path = HeaderForSection.swift; sourceTree = "<group>"; };
		1E8BB04A2B95CB2E00091EDF /* DetailViewProtocol.swift */ = {isa = PBXFileReference; lastKnownFileType = sourcecode.swift; path = DetailViewProtocol.swift; sourceTree = "<group>"; };
		1E8BB04D2B95D26D00091EDF /* Builder.swift */ = {isa = PBXFileReference; lastKnownFileType = sourcecode.swift; path = Builder.swift; sourceTree = "<group>"; };
		1E8BB0502B95D43A00091EDF /* MainViewProtocol.swift */ = {isa = PBXFileReference; lastKnownFileType = sourcecode.swift; path = MainViewProtocol.swift; sourceTree = "<group>"; };
		1E8BB0532B95EF5500091EDF /* gilroy-regular.ttf */ = {isa = PBXFileReference; lastKnownFileType = file; name = "gilroy-regular.ttf"; path = "../../../../Library/Mobile Documents/com~apple~CloudDocs/MacBook/Development/Fonts/gilroy-regular.ttf"; sourceTree = "<group>"; };
		1E8BB0542B95EF5500091EDF /* gilroy-black.ttf */ = {isa = PBXFileReference; lastKnownFileType = file; name = "gilroy-black.ttf"; path = "../../../../Library/Mobile Documents/com~apple~CloudDocs/MacBook/Development/Fonts/gilroy-black.ttf"; sourceTree = "<group>"; };
		1E8BB05A2B96047700091EDF /* DetailViewSection.swift */ = {isa = PBXFileReference; lastKnownFileType = sourcecode.swift; name = DetailViewSection.swift; path = ../../MainScreen/Sections/DetailViewSection.swift; sourceTree = "<group>"; };
		1E8BB05C2B96465700091EDF /* AllModel.swift */ = {isa = PBXFileReference; lastKnownFileType = sourcecode.swift; path = AllModel.swift; sourceTree = "<group>"; };
		1E9CE0882BAD52DD008C0F8D /* Items.swift */ = {isa = PBXFileReference; lastKnownFileType = sourcecode.swift; path = Items.swift; sourceTree = "<group>"; };
		1E9CE08C2BAF14CC008C0F8D /* SDWebImageManager.swift */ = {isa = PBXFileReference; lastKnownFileType = sourcecode.swift; path = SDWebImageManager.swift; sourceTree = "<group>"; };
		1E9CE0932BB05B9A008C0F8D /* URLBuilder.swift */ = {isa = PBXFileReference; lastKnownFileType = sourcecode.swift; path = URLBuilder.swift; sourceTree = "<group>"; };
		1EFEBDC32B907A4F0067FCF7 /* MainViewSection.swift */ = {isa = PBXFileReference; lastKnownFileType = sourcecode.swift; name = MainViewSection.swift; path = ../../DetailScreen/Sections/MainViewSection.swift; sourceTree = "<group>"; };
		1EFEBDC82B90A91D0067FCF7 /* CharactersCollectionViewCell.swift */ = {isa = PBXFileReference; lastKnownFileType = sourcecode.swift; path = CharactersCollectionViewCell.swift; sourceTree = "<group>"; };
		1EFEBDCB2B90AB700067FCF7 /* UIView - Extension.swift */ = {isa = PBXFileReference; lastKnownFileType = sourcecode.swift; path = "UIView - Extension.swift"; sourceTree = "<group>"; };
		1EFEBDCE2B9355DA0067FCF7 /* NetworkManager.swift */ = {isa = PBXFileReference; lastKnownFileType = sourcecode.swift; path = NetworkManager.swift; sourceTree = "<group>"; };
		1EFEBDD62B936B550067FCF7 /* DetailViewController.swift */ = {isa = PBXFileReference; lastKnownFileType = sourcecode.swift; path = DetailViewController.swift; sourceTree = "<group>"; };
		1EFEBDD82B936CE30067FCF7 /* UIStackView - Extension.swift */ = {isa = PBXFileReference; lastKnownFileType = sourcecode.swift; path = "UIStackView - Extension.swift"; sourceTree = "<group>"; };
		1EFEBDDA2B9385F60067FCF7 /* UILabel - Extension.swift */ = {isa = PBXFileReference; lastKnownFileType = sourcecode.swift; path = "UILabel - Extension.swift"; sourceTree = "<group>"; };
/* End PBXFileReference section */

/* Begin PBXFrameworksBuildPhase section */
		1E7714652B90652F00ADC5E8 /* Frameworks */ = {
			isa = PBXFrameworksBuildPhase;
			buildActionMask = 2147483647;
			files = (
				1E9CE0922BAF1597008C0F8D /* SDWebImageMapKit in Frameworks */,
				1E9CE0902BAF1597008C0F8D /* SDWebImage in Frameworks */,
			);
			runOnlyForDeploymentPostprocessing = 0;
		};
/* End PBXFrameworksBuildPhase section */

/* Begin PBXGroup section */
		1E4A7BC22BB433DD005B11C6 /* Navigation */ = {
			isa = PBXGroup;
			children = (
				1E4A7BC32BB43403005B11C6 /* CustomTabBarController.swift */,
				1E4A7BC52BB43578005B11C6 /* TabBarItems.swift */,
				1E4A7BD22BB550A4005B11C6 /* CustomTabBar.swift */,
			);
			path = Navigation;
			sourceTree = "<group>";
		};
		1E4A7BC72BB44C81005B11C6 /* SearchScreen */ = {
			isa = PBXGroup;
			children = (
				1E4A7BC92BB44CBA005B11C6 /* View */,
				1E4A7BC82BB44CB0005B11C6 /* Presenter */,
			);
			path = SearchScreen;
			sourceTree = "<group>";
		};
		1E4A7BC82BB44CB0005B11C6 /* Presenter */ = {
			isa = PBXGroup;
			children = (
				1E4A7BCC2BB44CF9005B11C6 /* SearchViewProtocol.swift */,
			);
			path = Presenter;
			sourceTree = "<group>";
		};
		1E4A7BC92BB44CBA005B11C6 /* View */ = {
			isa = PBXGroup;
			children = (
				1E4A7BCA2BB44CC8005B11C6 /* SearchViewController.swift */,
			);
			path = View;
			sourceTree = "<group>";
		};
		1E4A7BDA2BB5FCA6005B11C6 /* CustomUserElements */ = {
			isa = PBXGroup;
			children = (
				1E4A7BD62BB5ED86005B11C6 /* CustomTextField.swift */,
				1E4A7BDB2BB5FD21005B11C6 /* ParentCollectionCell.swift */,
				1E4A7BD82BB5EE9C005B11C6 /* ParentView.swift */,
				1E4A7BD42BB5E4FA005B11C6 /* ParentViewController.swift */,
			);
			path = CustomUserElements;
			sourceTree = "<group>";
		};
		1E4A7BDD2BB687A0005B11C6 /* PopOverViewController */ = {
			isa = PBXGroup;
			children = (
				1E4A7BDE2BB687C2005B11C6 /* PopOverViewController.swift */,
				1E4A7BE02BB68899005B11C6 /* PopOverTableView.swift */,
				1E4A7BE22BB68B72005B11C6 /* PopOverTableCell.swift */,
			);
			path = PopOverViewController;
			sourceTree = "<group>";
		};
		1E77145F2B90652F00ADC5E8 = {
			isa = PBXGroup;
			children = (
				1E77146A2B90652F00ADC5E8 /* Rick&Morty */,
				1E7714692B90652F00ADC5E8 /* Products */,
			);
			sourceTree = "<group>";
		};
		1E7714692B90652F00ADC5E8 /* Products */ = {
			isa = PBXGroup;
			children = (
				1E7714682B90652F00ADC5E8 /* Rick&Morty.app */,
			);
			name = Products;
			sourceTree = "<group>";
		};
		1E77146A2B90652F00ADC5E8 /* Rick&Morty */ = {
			isa = PBXGroup;
			children = (
				1E77147F2B90660200ADC5E8 /* Application */,
				1E8BB04C2B95D25F00091EDF /* Builder */,
				1EFEBDD22B9367400067FCF7 /* Font */,
				1EFEBDCD2B9355B60067FCF7 /* Manager */,
				1EFEBDC52B90A6D60067FCF7 /* Model */,
				1E4A7BC22BB433DD005B11C6 /* Navigation */,
				1E7714802B90661100ADC5E8 /* Support */,
				1EFEBDC02B9078AD0067FCF7 /* View */,
			);
			path = "Rick&Morty";
			sourceTree = "<group>";
		};
		1E77147F2B90660200ADC5E8 /* Application */ = {
			isa = PBXGroup;
			children = (
				1E77146D2B90652F00ADC5E8 /* SceneDelegate.swift */,
				1E77146B2B90652F00ADC5E8 /* AppDelegate.swift */,
			);
			path = Application;
			sourceTree = "<group>";
		};
		1E7714802B90661100ADC5E8 /* Support */ = {
			isa = PBXGroup;
			children = (
				1EFEBDCA2B90AB620067FCF7 /* Extension  */,
				1E7714792B90653300ADC5E8 /* Info.plist */,
				1E7714762B90653200ADC5E8 /* LaunchScreen.storyboard */,
				1E7714742B90653200ADC5E8 /* Assets.xcassets */,
			);
			path = Support;
			sourceTree = "<group>";
		};
		1E8BB03E2B94C15500091EDF /* CollectionCells */ = {
			isa = PBXGroup;
			children = (
				1EFEBDC82B90A91D0067FCF7 /* CharactersCollectionViewCell.swift */,
				1E8BB0362B94650400091EDF /* EpisodesCollectionViewCell.swift */,
				1E8BB03A2B94BC4B00091EDF /* InfoCollectionViewCell.swift */,
				1E8BB03C2B94BDAB00091EDF /* OriginCollectionViewCell.swift */,
			);
			path = CollectionCells;
			sourceTree = "<group>";
		};
		1E8BB0472B95BF3400091EDF /* View */ = {
			isa = PBXGroup;
			children = (
				1E8BB0432B95993D00091EDF /* HeaderForSection.swift */,
				1EFEBDD62B936B550067FCF7 /* DetailViewController.swift */,
			);
			path = View;
			sourceTree = "<group>";
		};
		1E8BB0482B95C5DC00091EDF /* Sections */ = {
			isa = PBXGroup;
			children = (
				1E8BB05A2B96047700091EDF /* DetailViewSection.swift */,
			);
			path = Sections;
			sourceTree = "<group>";
		};
		1E8BB0492B95CAFB00091EDF /* Presenter */ = {
			isa = PBXGroup;
			children = (
				1E8BB04A2B95CB2E00091EDF /* DetailViewProtocol.swift */,
			);
			path = Presenter;
			sourceTree = "<group>";
		};
		1E8BB04C2B95D25F00091EDF /* Builder */ = {
			isa = PBXGroup;
			children = (
				1E8BB04D2B95D26D00091EDF /* Builder.swift */,
			);
			path = Builder;
			sourceTree = "<group>";
		};
		1E8BB04F2B95D42A00091EDF /* Presenter */ = {
			isa = PBXGroup;
			children = (
				1E8BB0502B95D43A00091EDF /* MainViewProtocol.swift */,
			);
			path = Presenter;
			sourceTree = "<group>";
		};
		1E8BB0522B95D44F00091EDF /* View */ = {
			isa = PBXGroup;
			children = (
				1E77146F2B90652F00ADC5E8 /* MainViewController.swift */,
			);
			path = View;
			sourceTree = "<group>";
		};
		1E8BB0592B96045F00091EDF /* Sections */ = {
			isa = PBXGroup;
			children = (
				1EFEBDC32B907A4F0067FCF7 /* MainViewSection.swift */,
			);
			path = Sections;
			sourceTree = "<group>";
		};
		1E9CE08A2BAF1475008C0F8D /* Network */ = {
			isa = PBXGroup;
			children = (
				1EFEBDCE2B9355DA0067FCF7 /* NetworkManager.swift */,
				1E9CE0932BB05B9A008C0F8D /* URLBuilder.swift */,
			);
			path = Network;
			sourceTree = "<group>";
		};
		1E9CE08B2BAF1481008C0F8D /* SDWebImage */ = {
			isa = PBXGroup;
			children = (
				1E9CE08C2BAF14CC008C0F8D /* SDWebImageManager.swift */,
			);
			path = SDWebImage;
			sourceTree = "<group>";
		};
		1EFEBDC02B9078AD0067FCF7 /* View */ = {
			isa = PBXGroup;
			children = (
				1E4A7BDD2BB687A0005B11C6 /* PopOverViewController */,
				1E4A7BDA2BB5FCA6005B11C6 /* CustomUserElements */,
				1E8BB03E2B94C15500091EDF /* CollectionCells */,
				1EFEBDD52B936B2E0067FCF7 /* DetailScreen */,
				1EFEBDC12B9078B30067FCF7 /* MainScreen */,
				1E4A7BC72BB44C81005B11C6 /* SearchScreen */,
			);
			path = View;
			sourceTree = "<group>";
		};
		1EFEBDC12B9078B30067FCF7 /* MainScreen */ = {
			isa = PBXGroup;
			children = (
				1E8BB0592B96045F00091EDF /* Sections */,
				1E8BB04F2B95D42A00091EDF /* Presenter */,
				1E8BB0522B95D44F00091EDF /* View */,
			);
			path = MainScreen;
			sourceTree = "<group>";
		};
		1EFEBDC52B90A6D60067FCF7 /* Model */ = {
			isa = PBXGroup;
			children = (
				1E8BB05C2B96465700091EDF /* AllModel.swift */,
				1E9CE0882BAD52DD008C0F8D /* Items.swift */,
			);
			path = Model;
			sourceTree = "<group>";
		};
		1EFEBDCA2B90AB620067FCF7 /* Extension  */ = {
			isa = PBXGroup;
			children = (
				1EFEBDCB2B90AB700067FCF7 /* UIView - Extension.swift */,
				1EFEBDD82B936CE30067FCF7 /* UIStackView - Extension.swift */,
				1EFEBDDA2B9385F60067FCF7 /* UILabel - Extension.swift */,
			);
			path = "Extension ";
			sourceTree = "<group>";
		};
		1EFEBDCD2B9355B60067FCF7 /* Manager */ = {
			isa = PBXGroup;
			children = (
				1E9CE08B2BAF1481008C0F8D /* SDWebImage */,
				1E9CE08A2BAF1475008C0F8D /* Network */,
			);
			path = Manager;
			sourceTree = "<group>";
		};
		1EFEBDD22B9367400067FCF7 /* Font */ = {
			isa = PBXGroup;
			children = (
				1E8BB0542B95EF5500091EDF /* gilroy-black.ttf */,
				1E8BB0532B95EF5500091EDF /* gilroy-regular.ttf */,
			);
			path = Font;
			sourceTree = "<group>";
		};
		1EFEBDD52B936B2E0067FCF7 /* DetailScreen */ = {
			isa = PBXGroup;
			children = (
				1E8BB0492B95CAFB00091EDF /* Presenter */,
				1E8BB0482B95C5DC00091EDF /* Sections */,
				1E8BB0472B95BF3400091EDF /* View */,
			);
			path = DetailScreen;
			sourceTree = "<group>";
		};
/* End PBXGroup section */

/* Begin PBXNativeTarget section */
		1E7714672B90652F00ADC5E8 /* Rick&Morty */ = {
			isa = PBXNativeTarget;
			buildConfigurationList = 1E77147C2B90653300ADC5E8 /* Build configuration list for PBXNativeTarget "Rick&Morty" */;
			buildPhases = (
				1E7714642B90652F00ADC5E8 /* Sources */,
				1E7714652B90652F00ADC5E8 /* Frameworks */,
				1E7714662B90652F00ADC5E8 /* Resources */,
			);
			buildRules = (
			);
			dependencies = (
			);
			name = "Rick&Morty";
			packageProductDependencies = (
				1E9CE08F2BAF1597008C0F8D /* SDWebImage */,
				1E9CE0912BAF1597008C0F8D /* SDWebImageMapKit */,
			);
			productName = "Rick&Morty";
			productReference = 1E7714682B90652F00ADC5E8 /* Rick&Morty.app */;
			productType = "com.apple.product-type.application";
		};
/* End PBXNativeTarget section */

/* Begin PBXProject section */
		1E7714602B90652F00ADC5E8 /* Project object */ = {
			isa = PBXProject;
			attributes = {
				BuildIndependentTargetsInParallel = 1;
				LastSwiftUpdateCheck = 1520;
				LastUpgradeCheck = 1520;
				TargetAttributes = {
					1E7714672B90652F00ADC5E8 = {
						CreatedOnToolsVersion = 15.2;
					};
				};
			};
			buildConfigurationList = 1E7714632B90652F00ADC5E8 /* Build configuration list for PBXProject "Rick&Morty" */;
			compatibilityVersion = "Xcode 14.0";
			developmentRegion = en;
			hasScannedForEncodings = 0;
			knownRegions = (
				en,
				Base,
			);
			mainGroup = 1E77145F2B90652F00ADC5E8;
			packageReferences = (
				1E9CE08E2BAF1597008C0F8D /* XCRemoteSwiftPackageReference "SDWebImage" */,
			);
			productRefGroup = 1E7714692B90652F00ADC5E8 /* Products */;
			projectDirPath = "";
			projectRoot = "";
			targets = (
				1E7714672B90652F00ADC5E8 /* Rick&Morty */,
			);
		};
/* End PBXProject section */

/* Begin PBXResourcesBuildPhase section */
		1E7714662B90652F00ADC5E8 /* Resources */ = {
			isa = PBXResourcesBuildPhase;
			buildActionMask = 2147483647;
			files = (
				1E8BB0562B95EF5500091EDF /* gilroy-black.ttf in Resources */,
				1E8BB0552B95EF5500091EDF /* gilroy-regular.ttf in Resources */,
				1E7714782B90653200ADC5E8 /* LaunchScreen.storyboard in Resources */,
				1E7714752B90653200ADC5E8 /* Assets.xcassets in Resources */,
			);
			runOnlyForDeploymentPostprocessing = 0;
		};
/* End PBXResourcesBuildPhase section */

/* Begin PBXSourcesBuildPhase section */
		1E7714642B90652F00ADC5E8 /* Sources */ = {
			isa = PBXSourcesBuildPhase;
			buildActionMask = 2147483647;
			files = (
				1E4A7BDF2BB687C2005B11C6 /* PopOverViewController.swift in Sources */,
				1E8BB04B2B95CB2E00091EDF /* DetailViewProtocol.swift in Sources */,
				1E7714702B90652F00ADC5E8 /* MainViewController.swift in Sources */,
				1E4A7BCD2BB44CF9005B11C6 /* SearchViewProtocol.swift in Sources */,
				1E4A7BE12BB68899005B11C6 /* PopOverTableView.swift in Sources */,
				1E4A7BC62BB43578005B11C6 /* TabBarItems.swift in Sources */,
				1E4A7BE32BB68B72005B11C6 /* PopOverTableCell.swift in Sources */,
				1E4A7BD92BB5EE9C005B11C6 /* ParentView.swift in Sources */,
				1E8BB04E2B95D26D00091EDF /* Builder.swift in Sources */,
				1E4A7BD72BB5ED86005B11C6 /* CustomTextField.swift in Sources */,
				1EFEBDC92B90A91D0067FCF7 /* CharactersCollectionViewCell.swift in Sources */,
				1E8BB03B2B94BC4B00091EDF /* InfoCollectionViewCell.swift in Sources */,
				1E4A7BC42BB43403005B11C6 /* CustomTabBarController.swift in Sources */,
				1E8BB0442B95993D00091EDF /* HeaderForSection.swift in Sources */,
				1E8BB05D2B96465700091EDF /* AllModel.swift in Sources */,
				1E4A7BD52BB5E4FA005B11C6 /* ParentViewController.swift in Sources */,
				1EFEBDC42B907A4F0067FCF7 /* MainViewSection.swift in Sources */,
				1EFEBDCF2B9355DA0067FCF7 /* NetworkManager.swift in Sources */,
				1E77146C2B90652F00ADC5E8 /* AppDelegate.swift in Sources */,
				1EFEBDD72B936B550067FCF7 /* DetailViewController.swift in Sources */,
				1E9CE08D2BAF14CC008C0F8D /* SDWebImageManager.swift in Sources */,
				1E4A7BD32BB550A4005B11C6 /* CustomTabBar.swift in Sources */,
				1EFEBDDB2B9385F60067FCF7 /* UILabel - Extension.swift in Sources */,
				1E4A7BCB2BB44CC8005B11C6 /* SearchViewController.swift in Sources */,
				1EFEBDCC2B90AB700067FCF7 /* UIView - Extension.swift in Sources */,
				1E77146E2B90652F00ADC5E8 /* SceneDelegate.swift in Sources */,
				1EFEBDD92B936CE30067FCF7 /* UIStackView - Extension.swift in Sources */,
				1E9CE0892BAD52DD008C0F8D /* Items.swift in Sources */,
				1E4A7BDC2BB5FD21005B11C6 /* ParentCollectionCell.swift in Sources */,
				1E9CE0942BB05B9A008C0F8D /* URLBuilder.swift in Sources */,
				1E8BB05B2B96047700091EDF /* DetailViewSection.swift in Sources */,
				1E8BB03D2B94BDAB00091EDF /* OriginCollectionViewCell.swift in Sources */,
				1E8BB0512B95D43A00091EDF /* MainViewProtocol.swift in Sources */,
				1E8BB0372B94650400091EDF /* EpisodesCollectionViewCell.swift in Sources */,
			);
			runOnlyForDeploymentPostprocessing = 0;
		};
/* End PBXSourcesBuildPhase section */

/* Begin PBXVariantGroup section */
		1E7714762B90653200ADC5E8 /* LaunchScreen.storyboard */ = {
			isa = PBXVariantGroup;
			children = (
				1E7714772B90653200ADC5E8 /* Base */,
			);
			name = LaunchScreen.storyboard;
			sourceTree = "<group>";
		};
/* End PBXVariantGroup section */

/* Begin XCBuildConfiguration section */
		1E77147A2B90653300ADC5E8 /* Debug */ = {
			isa = XCBuildConfiguration;
			buildSettings = {
				ALWAYS_SEARCH_USER_PATHS = NO;
				ASSETCATALOG_COMPILER_GENERATE_SWIFT_ASSET_SYMBOL_EXTENSIONS = YES;
				CLANG_ANALYZER_NONNULL = YES;
				CLANG_ANALYZER_NUMBER_OBJECT_CONVERSION = YES_AGGRESSIVE;
				CLANG_CXX_LANGUAGE_STANDARD = "gnu++20";
				CLANG_ENABLE_MODULES = YES;
				CLANG_ENABLE_OBJC_ARC = YES;
				CLANG_ENABLE_OBJC_WEAK = YES;
				CLANG_WARN_BLOCK_CAPTURE_AUTORELEASING = YES;
				CLANG_WARN_BOOL_CONVERSION = YES;
				CLANG_WARN_COMMA = YES;
				CLANG_WARN_CONSTANT_CONVERSION = YES;
				CLANG_WARN_DEPRECATED_OBJC_IMPLEMENTATIONS = YES;
				CLANG_WARN_DIRECT_OBJC_ISA_USAGE = YES_ERROR;
				CLANG_WARN_DOCUMENTATION_COMMENTS = YES;
				CLANG_WARN_EMPTY_BODY = YES;
				CLANG_WARN_ENUM_CONVERSION = YES;
				CLANG_WARN_INFINITE_RECURSION = YES;
				CLANG_WARN_INT_CONVERSION = YES;
				CLANG_WARN_NON_LITERAL_NULL_CONVERSION = YES;
				CLANG_WARN_OBJC_IMPLICIT_RETAIN_SELF = YES;
				CLANG_WARN_OBJC_LITERAL_CONVERSION = YES;
				CLANG_WARN_OBJC_ROOT_CLASS = YES_ERROR;
				CLANG_WARN_QUOTED_INCLUDE_IN_FRAMEWORK_HEADER = YES;
				CLANG_WARN_RANGE_LOOP_ANALYSIS = YES;
				CLANG_WARN_STRICT_PROTOTYPES = YES;
				CLANG_WARN_SUSPICIOUS_MOVE = YES;
				CLANG_WARN_UNGUARDED_AVAILABILITY = YES_AGGRESSIVE;
				CLANG_WARN_UNREACHABLE_CODE = YES;
				CLANG_WARN__DUPLICATE_METHOD_MATCH = YES;
				COPY_PHASE_STRIP = NO;
				DEBUG_INFORMATION_FORMAT = dwarf;
				ENABLE_STRICT_OBJC_MSGSEND = YES;
				ENABLE_TESTABILITY = YES;
				ENABLE_USER_SCRIPT_SANDBOXING = YES;
				GCC_C_LANGUAGE_STANDARD = gnu17;
				GCC_DYNAMIC_NO_PIC = NO;
				GCC_NO_COMMON_BLOCKS = YES;
				GCC_OPTIMIZATION_LEVEL = 0;
				GCC_PREPROCESSOR_DEFINITIONS = (
					"DEBUG=1",
					"$(inherited)",
				);
				GCC_WARN_64_TO_32_BIT_CONVERSION = YES;
				GCC_WARN_ABOUT_RETURN_TYPE = YES_ERROR;
				GCC_WARN_UNDECLARED_SELECTOR = YES;
				GCC_WARN_UNINITIALIZED_AUTOS = YES_AGGRESSIVE;
				GCC_WARN_UNUSED_FUNCTION = YES;
				GCC_WARN_UNUSED_VARIABLE = YES;
				IPHONEOS_DEPLOYMENT_TARGET = 17.2;
				LOCALIZATION_PREFERS_STRING_CATALOGS = YES;
				MTL_ENABLE_DEBUG_INFO = INCLUDE_SOURCE;
				MTL_FAST_MATH = YES;
				ONLY_ACTIVE_ARCH = YES;
				SDKROOT = iphoneos;
				SWIFT_ACTIVE_COMPILATION_CONDITIONS = "DEBUG $(inherited)";
				SWIFT_OPTIMIZATION_LEVEL = "-Onone";
			};
			name = Debug;
		};
		1E77147B2B90653300ADC5E8 /* Release */ = {
			isa = XCBuildConfiguration;
			buildSettings = {
				ALWAYS_SEARCH_USER_PATHS = NO;
				ASSETCATALOG_COMPILER_GENERATE_SWIFT_ASSET_SYMBOL_EXTENSIONS = YES;
				CLANG_ANALYZER_NONNULL = YES;
				CLANG_ANALYZER_NUMBER_OBJECT_CONVERSION = YES_AGGRESSIVE;
				CLANG_CXX_LANGUAGE_STANDARD = "gnu++20";
				CLANG_ENABLE_MODULES = YES;
				CLANG_ENABLE_OBJC_ARC = YES;
				CLANG_ENABLE_OBJC_WEAK = YES;
				CLANG_WARN_BLOCK_CAPTURE_AUTORELEASING = YES;
				CLANG_WARN_BOOL_CONVERSION = YES;
				CLANG_WARN_COMMA = YES;
				CLANG_WARN_CONSTANT_CONVERSION = YES;
				CLANG_WARN_DEPRECATED_OBJC_IMPLEMENTATIONS = YES;
				CLANG_WARN_DIRECT_OBJC_ISA_USAGE = YES_ERROR;
				CLANG_WARN_DOCUMENTATION_COMMENTS = YES;
				CLANG_WARN_EMPTY_BODY = YES;
				CLANG_WARN_ENUM_CONVERSION = YES;
				CLANG_WARN_INFINITE_RECURSION = YES;
				CLANG_WARN_INT_CONVERSION = YES;
				CLANG_WARN_NON_LITERAL_NULL_CONVERSION = YES;
				CLANG_WARN_OBJC_IMPLICIT_RETAIN_SELF = YES;
				CLANG_WARN_OBJC_LITERAL_CONVERSION = YES;
				CLANG_WARN_OBJC_ROOT_CLASS = YES_ERROR;
				CLANG_WARN_QUOTED_INCLUDE_IN_FRAMEWORK_HEADER = YES;
				CLANG_WARN_RANGE_LOOP_ANALYSIS = YES;
				CLANG_WARN_STRICT_PROTOTYPES = YES;
				CLANG_WARN_SUSPICIOUS_MOVE = YES;
				CLANG_WARN_UNGUARDED_AVAILABILITY = YES_AGGRESSIVE;
				CLANG_WARN_UNREACHABLE_CODE = YES;
				CLANG_WARN__DUPLICATE_METHOD_MATCH = YES;
				COPY_PHASE_STRIP = NO;
				DEBUG_INFORMATION_FORMAT = "dwarf-with-dsym";
				ENABLE_NS_ASSERTIONS = NO;
				ENABLE_STRICT_OBJC_MSGSEND = YES;
				ENABLE_USER_SCRIPT_SANDBOXING = YES;
				GCC_C_LANGUAGE_STANDARD = gnu17;
				GCC_NO_COMMON_BLOCKS = YES;
				GCC_WARN_64_TO_32_BIT_CONVERSION = YES;
				GCC_WARN_ABOUT_RETURN_TYPE = YES_ERROR;
				GCC_WARN_UNDECLARED_SELECTOR = YES;
				GCC_WARN_UNINITIALIZED_AUTOS = YES_AGGRESSIVE;
				GCC_WARN_UNUSED_FUNCTION = YES;
				GCC_WARN_UNUSED_VARIABLE = YES;
				IPHONEOS_DEPLOYMENT_TARGET = 17.2;
				LOCALIZATION_PREFERS_STRING_CATALOGS = YES;
				MTL_ENABLE_DEBUG_INFO = NO;
				MTL_FAST_MATH = YES;
				SDKROOT = iphoneos;
				SWIFT_COMPILATION_MODE = wholemodule;
				VALIDATE_PRODUCT = YES;
			};
			name = Release;
		};
		1E77147D2B90653300ADC5E8 /* Debug */ = {
			isa = XCBuildConfiguration;
			buildSettings = {
				ASSETCATALOG_COMPILER_APPICON_NAME = AppIcon;
				ASSETCATALOG_COMPILER_GLOBAL_ACCENT_COLOR_NAME = AccentColor;
				CODE_SIGN_STYLE = Automatic;
				CURRENT_PROJECT_VERSION = 1;
				DEVELOPMENT_TEAM = 4HU57HU93W;
				GENERATE_INFOPLIST_FILE = YES;
				INFOPLIST_FILE = "Rick&Morty/Support/Info.plist";
				INFOPLIST_KEY_UIApplicationSupportsIndirectInputEvents = YES;
				INFOPLIST_KEY_UILaunchStoryboardName = LaunchScreen;
				INFOPLIST_KEY_UISupportedInterfaceOrientations = UIInterfaceOrientationPortrait;
				INFOPLIST_KEY_UISupportedInterfaceOrientations_iPad = "UIInterfaceOrientationLandscapeLeft UIInterfaceOrientationLandscapeRight UIInterfaceOrientationPortrait UIInterfaceOrientationPortraitUpsideDown";
				LD_RUNPATH_SEARCH_PATHS = (
					"$(inherited)",
					"@executable_path/Frameworks",
				);
				MARKETING_VERSION = 1.0;
				PRODUCT_BUNDLE_IDENTIFIER = "app.NS.Rick-Morty.Rick-Morty";
				PRODUCT_NAME = "$(TARGET_NAME)";
				SUPPORTED_PLATFORMS = "iphoneos iphonesimulator";
				SUPPORTS_MACCATALYST = NO;
				SUPPORTS_MAC_DESIGNED_FOR_IPHONE_IPAD = NO;
				SUPPORTS_XR_DESIGNED_FOR_IPHONE_IPAD = NO;
				SWIFT_EMIT_LOC_STRINGS = YES;
				SWIFT_VERSION = 5.0;
				TARGETED_DEVICE_FAMILY = 1;
			};
			name = Debug;
		};
		1E77147E2B90653300ADC5E8 /* Release */ = {
			isa = XCBuildConfiguration;
			buildSettings = {
				ASSETCATALOG_COMPILER_APPICON_NAME = AppIcon;
				ASSETCATALOG_COMPILER_GLOBAL_ACCENT_COLOR_NAME = AccentColor;
				CODE_SIGN_STYLE = Automatic;
				CURRENT_PROJECT_VERSION = 1;
				DEVELOPMENT_TEAM = 4HU57HU93W;
				GENERATE_INFOPLIST_FILE = YES;
				INFOPLIST_FILE = "Rick&Morty/Support/Info.plist";
				INFOPLIST_KEY_UIApplicationSupportsIndirectInputEvents = YES;
				INFOPLIST_KEY_UILaunchStoryboardName = LaunchScreen;
				INFOPLIST_KEY_UISupportedInterfaceOrientations = UIInterfaceOrientationPortrait;
				INFOPLIST_KEY_UISupportedInterfaceOrientations_iPad = "UIInterfaceOrientationLandscapeLeft UIInterfaceOrientationLandscapeRight UIInterfaceOrientationPortrait UIInterfaceOrientationPortraitUpsideDown";
				LD_RUNPATH_SEARCH_PATHS = (
					"$(inherited)",
					"@executable_path/Frameworks",
				);
				MARKETING_VERSION = 1.0;
				PRODUCT_BUNDLE_IDENTIFIER = "app.NS.Rick-Morty.Rick-Morty";
				PRODUCT_NAME = "$(TARGET_NAME)";
				SUPPORTED_PLATFORMS = "iphoneos iphonesimulator";
				SUPPORTS_MACCATALYST = NO;
				SUPPORTS_MAC_DESIGNED_FOR_IPHONE_IPAD = NO;
				SUPPORTS_XR_DESIGNED_FOR_IPHONE_IPAD = NO;
				SWIFT_EMIT_LOC_STRINGS = YES;
				SWIFT_VERSION = 5.0;
				TARGETED_DEVICE_FAMILY = 1;
			};
			name = Release;
		};
/* End XCBuildConfiguration section */

/* Begin XCConfigurationList section */
		1E7714632B90652F00ADC5E8 /* Build configuration list for PBXProject "Rick&Morty" */ = {
			isa = XCConfigurationList;
			buildConfigurations = (
				1E77147A2B90653300ADC5E8 /* Debug */,
				1E77147B2B90653300ADC5E8 /* Release */,
			);
			defaultConfigurationIsVisible = 0;
			defaultConfigurationName = Release;
		};
		1E77147C2B90653300ADC5E8 /* Build configuration list for PBXNativeTarget "Rick&Morty" */ = {
			isa = XCConfigurationList;
			buildConfigurations = (
				1E77147D2B90653300ADC5E8 /* Debug */,
				1E77147E2B90653300ADC5E8 /* Release */,
			);
			defaultConfigurationIsVisible = 0;
			defaultConfigurationName = Release;
		};
/* End XCConfigurationList section */

/* Begin XCRemoteSwiftPackageReference section */
		1E9CE08E2BAF1597008C0F8D /* XCRemoteSwiftPackageReference "SDWebImage" */ = {
			isa = XCRemoteSwiftPackageReference;
			repositoryURL = "https://github.com/SDWebImage/SDWebImage";
			requirement = {
				kind = upToNextMajorVersion;
				minimumVersion = 5.19.0;
			};
		};
/* End XCRemoteSwiftPackageReference section */

/* Begin XCSwiftPackageProductDependency section */
		1E9CE08F2BAF1597008C0F8D /* SDWebImage */ = {
			isa = XCSwiftPackageProductDependency;
			package = 1E9CE08E2BAF1597008C0F8D /* XCRemoteSwiftPackageReference "SDWebImage" */;
			productName = SDWebImage;
		};
		1E9CE0912BAF1597008C0F8D /* SDWebImageMapKit */ = {
			isa = XCSwiftPackageProductDependency;
			package = 1E9CE08E2BAF1597008C0F8D /* XCRemoteSwiftPackageReference "SDWebImage" */;
			productName = SDWebImageMapKit;
		};
/* End XCSwiftPackageProductDependency section */
	};
	rootObject = 1E7714602B90652F00ADC5E8 /* Project object */;
}
